// !$*UTF8*$!
{
	archiveVersion = 1;
	classes = {
	};
	objectVersion = 51;
	objects = {

/* Begin PBXBuildFile section */
		0478458D5B86550C7F5CEE9A /* Pods_real_time_chat.framework in Frameworks */ = {isa = PBXBuildFile; fileRef = 78A53CD0A562BCEABC2B00E6 /* Pods_real_time_chat.framework */; };
		9F003AFB2536C9F3008AB2E3 /* ProfileViewModel.swift in Sources */ = {isa = PBXBuildFile; fileRef = 9F003AFA2536C9F3008AB2E3 /* ProfileViewModel.swift */; };
		9F003AFE2536CB18008AB2E3 /* ProfileCell.swift in Sources */ = {isa = PBXBuildFile; fileRef = 9F003AFD2536CB18008AB2E3 /* ProfileCell.swift */; };
		9F003B012536D334008AB2E3 /* ProfileFooter.swift in Sources */ = {isa = PBXBuildFile; fileRef = 9F003B002536D334008AB2E3 /* ProfileFooter.swift */; };
		9F1FE2FB25356D1B00D6677A /* CustomInputAccessoryView.swift in Sources */ = {isa = PBXBuildFile; fileRef = 9F1FE2FA25356D1B00D6677A /* CustomInputAccessoryView.swift */; };
		9F1FE2FE25357D8C00D6677A /* MessageCell.swift in Sources */ = {isa = PBXBuildFile; fileRef = 9F1FE2FD25357D8C00D6677A /* MessageCell.swift */; };
		9F1FE3012535821800D6677A /* Message.swift in Sources */ = {isa = PBXBuildFile; fileRef = 9F1FE3002535821800D6677A /* Message.swift */; };
		9F1FE3042535852C00D6677A /* MessageViewModel.swift in Sources */ = {isa = PBXBuildFile; fileRef = 9F1FE3032535852C00D6677A /* MessageViewModel.swift */; };
		9F1FE3072535935800D6677A /* Constants.swift in Sources */ = {isa = PBXBuildFile; fileRef = 9F1FE3062535935800D6677A /* Constants.swift */; };
		9F1FE30A2535C7B000D6677A /* ConversationCell.swift in Sources */ = {isa = PBXBuildFile; fileRef = 9F1FE3092535C7B000D6677A /* ConversationCell.swift */; };
		9F1FE30D2535CA7300D6677A /* ConversationViewModel.swift in Sources */ = {isa = PBXBuildFile; fileRef = 9F1FE30C2535CA7300D6677A /* ConversationViewModel.swift */; };
		9F1FE3102535CF1200D6677A /* ProfileController.swift in Sources */ = {isa = PBXBuildFile; fileRef = 9F1FE30F2535CF1200D6677A /* ProfileController.swift */; };
		9F1FE3132535CFF000D6677A /* ProfileHeader.swift in Sources */ = {isa = PBXBuildFile; fileRef = 9F1FE3122535CFF000D6677A /* ProfileHeader.swift */; };
		9F3E7A79252C3DCD003D3573 /* LoginController.swift in Sources */ = {isa = PBXBuildFile; fileRef = 9F3E7A78252C3DCD003D3573 /* LoginController.swift */; };
		9F3E7A7C252C3DDC003D3573 /* RegistrationController.swift in Sources */ = {isa = PBXBuildFile; fileRef = 9F3E7A7B252C3DDC003D3573 /* RegistrationController.swift */; };
		9F3E7A7F252C4142003D3573 /* Extensions.swift in Sources */ = {isa = PBXBuildFile; fileRef = 9F3E7A7E252C4142003D3573 /* Extensions.swift */; };
		9F3E7A86252C4CEE003D3573 /* InputContainerView.swift in Sources */ = {isa = PBXBuildFile; fileRef = 9F3E7A85252C4CEE003D3573 /* InputContainerView.swift */; };
		9F3E7A89252C4FA5003D3573 /* CustomTextField.swift in Sources */ = {isa = PBXBuildFile; fileRef = 9F3E7A88252C4FA5003D3573 /* CustomTextField.swift */; };
		9F3E7A8C252C6066003D3573 /* LoginViewModel.swift in Sources */ = {isa = PBXBuildFile; fileRef = 9F3E7A8B252C6066003D3573 /* LoginViewModel.swift */; };
		9F3E7A8F252C9924003D3573 /* RegistrationViewModel.swift in Sources */ = {isa = PBXBuildFile; fileRef = 9F3E7A8E252C9924003D3573 /* RegistrationViewModel.swift */; };
		9FB2DD4E252D5DA20001D804 /* GoogleService-Info.plist in Resources */ = {isa = PBXBuildFile; fileRef = 9FB2DD4D252D5DA20001D804 /* GoogleService-Info.plist */; };
		9FCE2930252B56A800AC00C3 /* AppDelegate.swift in Sources */ = {isa = PBXBuildFile; fileRef = 9FCE292F252B56A800AC00C3 /* AppDelegate.swift */; };
		9FCE2932252B56A800AC00C3 /* SceneDelegate.swift in Sources */ = {isa = PBXBuildFile; fileRef = 9FCE2931252B56A800AC00C3 /* SceneDelegate.swift */; };
		9FCE2934252B56A800AC00C3 /* ViewController.swift in Sources */ = {isa = PBXBuildFile; fileRef = 9FCE2933252B56A800AC00C3 /* ViewController.swift */; };
		9FCE2937252B56A800AC00C3 /* Main.storyboard in Resources */ = {isa = PBXBuildFile; fileRef = 9FCE2935252B56A800AC00C3 /* Main.storyboard */; };
		9FCE2939252B56A900AC00C3 /* Assets.xcassets in Resources */ = {isa = PBXBuildFile; fileRef = 9FCE2938252B56A900AC00C3 /* Assets.xcassets */; };
		9FCE293C252B56A900AC00C3 /* LaunchScreen.storyboard in Resources */ = {isa = PBXBuildFile; fileRef = 9FCE293A252B56A900AC00C3 /* LaunchScreen.storyboard */; };
		9FCE294B252B590600AC00C3 /* ConversationsController.swift in Sources */ = {isa = PBXBuildFile; fileRef = 9FCE294A252B590600AC00C3 /* ConversationsController.swift */; };
		9FE2849D2534426700EC71A7 /* AuthService.swift in Sources */ = {isa = PBXBuildFile; fileRef = 9FE2849C2534426700EC71A7 /* AuthService.swift */; };
		9FE284A02534747300EC71A7 /* NewMessageController.swift in Sources */ = {isa = PBXBuildFile; fileRef = 9FE2849F2534747300EC71A7 /* NewMessageController.swift */; };
		9FE284A3253479C700EC71A7 /* UserCell.swift in Sources */ = {isa = PBXBuildFile; fileRef = 9FE284A2253479C700EC71A7 /* UserCell.swift */; };
		9FE284A625347EE900EC71A7 /* User.swift in Sources */ = {isa = PBXBuildFile; fileRef = 9FE284A525347EE900EC71A7 /* User.swift */; };
		9FE284A925347FAA00EC71A7 /* Service.swift in Sources */ = {isa = PBXBuildFile; fileRef = 9FE284A825347FAA00EC71A7 /* Service.swift */; };
		9FE284AC2534948200EC71A7 /* ChatController.swift in Sources */ = {isa = PBXBuildFile; fileRef = 9FE284AB2534948200EC71A7 /* ChatController.swift */; };
/* End PBXBuildFile section */

/* Begin PBXFileReference section */
		24D738E4C36E3208324E363A /* Pods-real-time-chat.debug.xcconfig */ = {isa = PBXFileReference; includeInIndex = 1; lastKnownFileType = text.xcconfig; name = "Pods-real-time-chat.debug.xcconfig"; path = "Target Support Files/Pods-real-time-chat/Pods-real-time-chat.debug.xcconfig"; sourceTree = "<group>"; };
		78A53CD0A562BCEABC2B00E6 /* Pods_real_time_chat.framework */ = {isa = PBXFileReference; explicitFileType = wrapper.framework; includeInIndex = 0; path = Pods_real_time_chat.framework; sourceTree = BUILT_PRODUCTS_DIR; };
		9F003AFA2536C9F3008AB2E3 /* ProfileViewModel.swift */ = {isa = PBXFileReference; lastKnownFileType = sourcecode.swift; path = ProfileViewModel.swift; sourceTree = "<group>"; };
		9F003AFD2536CB18008AB2E3 /* ProfileCell.swift */ = {isa = PBXFileReference; lastKnownFileType = sourcecode.swift; path = ProfileCell.swift; sourceTree = "<group>"; };
		9F003B002536D334008AB2E3 /* ProfileFooter.swift */ = {isa = PBXFileReference; lastKnownFileType = sourcecode.swift; path = ProfileFooter.swift; sourceTree = "<group>"; };
		9F1FE2FA25356D1B00D6677A /* CustomInputAccessoryView.swift */ = {isa = PBXFileReference; lastKnownFileType = sourcecode.swift; path = CustomInputAccessoryView.swift; sourceTree = "<group>"; };
		9F1FE2FD25357D8C00D6677A /* MessageCell.swift */ = {isa = PBXFileReference; lastKnownFileType = sourcecode.swift; path = MessageCell.swift; sourceTree = "<group>"; };
		9F1FE3002535821800D6677A /* Message.swift */ = {isa = PBXFileReference; lastKnownFileType = sourcecode.swift; path = Message.swift; sourceTree = "<group>"; };
		9F1FE3032535852C00D6677A /* MessageViewModel.swift */ = {isa = PBXFileReference; lastKnownFileType = sourcecode.swift; path = MessageViewModel.swift; sourceTree = "<group>"; };
		9F1FE3062535935800D6677A /* Constants.swift */ = {isa = PBXFileReference; lastKnownFileType = sourcecode.swift; path = Constants.swift; sourceTree = "<group>"; };
		9F1FE3092535C7B000D6677A /* ConversationCell.swift */ = {isa = PBXFileReference; lastKnownFileType = sourcecode.swift; path = ConversationCell.swift; sourceTree = "<group>"; };
		9F1FE30C2535CA7300D6677A /* ConversationViewModel.swift */ = {isa = PBXFileReference; lastKnownFileType = sourcecode.swift; path = ConversationViewModel.swift; sourceTree = "<group>"; };
		9F1FE30F2535CF1200D6677A /* ProfileController.swift */ = {isa = PBXFileReference; lastKnownFileType = sourcecode.swift; path = ProfileController.swift; sourceTree = "<group>"; };
		9F1FE3122535CFF000D6677A /* ProfileHeader.swift */ = {isa = PBXFileReference; lastKnownFileType = sourcecode.swift; path = ProfileHeader.swift; sourceTree = "<group>"; };
		9F3E7A78252C3DCD003D3573 /* LoginController.swift */ = {isa = PBXFileReference; lastKnownFileType = sourcecode.swift; path = LoginController.swift; sourceTree = "<group>"; };
		9F3E7A7B252C3DDC003D3573 /* RegistrationController.swift */ = {isa = PBXFileReference; lastKnownFileType = sourcecode.swift; path = RegistrationController.swift; sourceTree = "<group>"; };
		9F3E7A7E252C4142003D3573 /* Extensions.swift */ = {isa = PBXFileReference; lastKnownFileType = sourcecode.swift; path = Extensions.swift; sourceTree = "<group>"; };
		9F3E7A85252C4CEE003D3573 /* InputContainerView.swift */ = {isa = PBXFileReference; lastKnownFileType = sourcecode.swift; path = InputContainerView.swift; sourceTree = "<group>"; };
		9F3E7A88252C4FA5003D3573 /* CustomTextField.swift */ = {isa = PBXFileReference; lastKnownFileType = sourcecode.swift; path = CustomTextField.swift; sourceTree = "<group>"; };
		9F3E7A8B252C6066003D3573 /* LoginViewModel.swift */ = {isa = PBXFileReference; lastKnownFileType = sourcecode.swift; path = LoginViewModel.swift; sourceTree = "<group>"; };
		9F3E7A8E252C9924003D3573 /* RegistrationViewModel.swift */ = {isa = PBXFileReference; lastKnownFileType = sourcecode.swift; path = RegistrationViewModel.swift; sourceTree = "<group>"; };
		9FB2DD4D252D5DA20001D804 /* GoogleService-Info.plist */ = {isa = PBXFileReference; fileEncoding = 4; lastKnownFileType = text.plist.xml; path = "GoogleService-Info.plist"; sourceTree = "<group>"; };
		9FCE292C252B56A800AC00C3 /* real-time-chat.app */ = {isa = PBXFileReference; explicitFileType = wrapper.application; includeInIndex = 0; path = "real-time-chat.app"; sourceTree = BUILT_PRODUCTS_DIR; };
		9FCE292F252B56A800AC00C3 /* AppDelegate.swift */ = {isa = PBXFileReference; lastKnownFileType = sourcecode.swift; path = AppDelegate.swift; sourceTree = "<group>"; };
		9FCE2931252B56A800AC00C3 /* SceneDelegate.swift */ = {isa = PBXFileReference; lastKnownFileType = sourcecode.swift; path = SceneDelegate.swift; sourceTree = "<group>"; };
		9FCE2933252B56A800AC00C3 /* ViewController.swift */ = {isa = PBXFileReference; lastKnownFileType = sourcecode.swift; path = ViewController.swift; sourceTree = "<group>"; };
		9FCE2936252B56A800AC00C3 /* Base */ = {isa = PBXFileReference; lastKnownFileType = file.storyboard; name = Base; path = Base.lproj/Main.storyboard; sourceTree = "<group>"; };
		9FCE2938252B56A900AC00C3 /* Assets.xcassets */ = {isa = PBXFileReference; lastKnownFileType = folder.assetcatalog; path = Assets.xcassets; sourceTree = "<group>"; };
		9FCE293B252B56A900AC00C3 /* Base */ = {isa = PBXFileReference; lastKnownFileType = file.storyboard; name = Base; path = Base.lproj/LaunchScreen.storyboard; sourceTree = "<group>"; };
		9FCE293D252B56A900AC00C3 /* Info.plist */ = {isa = PBXFileReference; lastKnownFileType = text.plist.xml; path = Info.plist; sourceTree = "<group>"; };
		9FCE294A252B590600AC00C3 /* ConversationsController.swift */ = {isa = PBXFileReference; lastKnownFileType = sourcecode.swift; path = ConversationsController.swift; sourceTree = "<group>"; };
		9FE2849C2534426700EC71A7 /* AuthService.swift */ = {isa = PBXFileReference; lastKnownFileType = sourcecode.swift; path = AuthService.swift; sourceTree = "<group>"; };
		9FE2849F2534747300EC71A7 /* NewMessageController.swift */ = {isa = PBXFileReference; lastKnownFileType = sourcecode.swift; path = NewMessageController.swift; sourceTree = "<group>"; };
		9FE284A2253479C700EC71A7 /* UserCell.swift */ = {isa = PBXFileReference; lastKnownFileType = sourcecode.swift; path = UserCell.swift; sourceTree = "<group>"; };
		9FE284A525347EE900EC71A7 /* User.swift */ = {isa = PBXFileReference; lastKnownFileType = sourcecode.swift; path = User.swift; sourceTree = "<group>"; };
		9FE284A825347FAA00EC71A7 /* Service.swift */ = {isa = PBXFileReference; lastKnownFileType = sourcecode.swift; path = Service.swift; sourceTree = "<group>"; };
		9FE284AB2534948200EC71A7 /* ChatController.swift */ = {isa = PBXFileReference; lastKnownFileType = sourcecode.swift; path = ChatController.swift; sourceTree = "<group>"; };
		ECED2C02A3323D65D3CD2100 /* Pods-real-time-chat.release.xcconfig */ = {isa = PBXFileReference; includeInIndex = 1; lastKnownFileType = text.xcconfig; name = "Pods-real-time-chat.release.xcconfig"; path = "Target Support Files/Pods-real-time-chat/Pods-real-time-chat.release.xcconfig"; sourceTree = "<group>"; };
/* End PBXFileReference section */

/* Begin PBXFrameworksBuildPhase section */
		9FCE2929252B56A800AC00C3 /* Frameworks */ = {
			isa = PBXFrameworksBuildPhase;
			buildActionMask = 2147483647;
			files = (
				0478458D5B86550C7F5CEE9A /* Pods_real_time_chat.framework in Frameworks */,
			);
			runOnlyForDeploymentPostprocessing = 0;
		};
/* End PBXFrameworksBuildPhase section */

/* Begin PBXGroup section */
		04BEAA616F0FAB99F86F71A9 /* Pods */ = {
			isa = PBXGroup;
			children = (
				24D738E4C36E3208324E363A /* Pods-real-time-chat.debug.xcconfig */,
				ECED2C02A3323D65D3CD2100 /* Pods-real-time-chat.release.xcconfig */,
			);
			path = Pods;
			sourceTree = "<group>";
		};
		574E6F04E20A882DB8616530 /* Frameworks */ = {
			isa = PBXGroup;
			children = (
				78A53CD0A562BCEABC2B00E6 /* Pods_real_time_chat.framework */,
			);
			name = Frameworks;
			sourceTree = "<group>";
		};
		9F3E7A77252C3DB8003D3573 /* Authentication */ = {
			isa = PBXGroup;
			children = (
				9F3E7A78252C3DCD003D3573 /* LoginController.swift */,
				9F3E7A7B252C3DDC003D3573 /* RegistrationController.swift */,
			);
			path = Authentication;
			sourceTree = "<group>";
		};
		9F3E7A91252C992C003D3573 /* Authentication */ = {
			isa = PBXGroup;
			children = (
				9F3E7A8B252C6066003D3573 /* LoginViewModel.swift */,
				9F3E7A8E252C9924003D3573 /* RegistrationViewModel.swift */,
			);
			path = Authentication;
			sourceTree = "<group>";
		};
		9FCE2923252B56A800AC00C3 = {
			isa = PBXGroup;
			children = (
				9FCE292E252B56A800AC00C3 /* real-time-chat */,
				9FCE292D252B56A800AC00C3 /* Products */,
				04BEAA616F0FAB99F86F71A9 /* Pods */,
				574E6F04E20A882DB8616530 /* Frameworks */,
			);
			sourceTree = "<group>";
		};
		9FCE292D252B56A800AC00C3 /* Products */ = {
			isa = PBXGroup;
			children = (
				9FCE292C252B56A800AC00C3 /* real-time-chat.app */,
			);
			name = Products;
			sourceTree = "<group>";
		};
		9FCE292E252B56A800AC00C3 /* real-time-chat */ = {
			isa = PBXGroup;
			children = (
				9FCE2949252B588200AC00C3 /* Model */,
				9FCE2948252B588000AC00C3 /* View */,
				9FCE2947252B587F00AC00C3 /* ViewModel */,
				9FCE2946252B587E00AC00C3 /* Controller */,
				9FCE2945252B587C00AC00C3 /* API */,
				9FCE2944252B587300AC00C3 /* Utills */,
				9FCE292F252B56A800AC00C3 /* AppDelegate.swift */,
				9FCE2931252B56A800AC00C3 /* SceneDelegate.swift */,
				9FCE2933252B56A800AC00C3 /* ViewController.swift */,
				9FCE2935252B56A800AC00C3 /* Main.storyboard */,
				9FCE2938252B56A900AC00C3 /* Assets.xcassets */,
				9FB2DD4D252D5DA20001D804 /* GoogleService-Info.plist */,
				9FCE293A252B56A900AC00C3 /* LaunchScreen.storyboard */,
				9FCE293D252B56A900AC00C3 /* Info.plist */,
			);
			path = "real-time-chat";
			sourceTree = "<group>";
		};
		9FCE2944252B587300AC00C3 /* Utills */ = {
			isa = PBXGroup;
			children = (
				9F3E7A7E252C4142003D3573 /* Extensions.swift */,
				9F1FE3062535935800D6677A /* Constants.swift */,
			);
			path = Utills;
			sourceTree = "<group>";
		};
		9FCE2945252B587C00AC00C3 /* API */ = {
			isa = PBXGroup;
			children = (
				9FE2849C2534426700EC71A7 /* AuthService.swift */,
				9FE284A825347FAA00EC71A7 /* Service.swift */,
			);
			path = API;
			sourceTree = "<group>";
		};
		9FCE2946252B587E00AC00C3 /* Controller */ = {
			isa = PBXGroup;
			children = (
				9F3E7A77252C3DB8003D3573 /* Authentication */,
				9FCE294A252B590600AC00C3 /* ConversationsController.swift */,
				9FE2849F2534747300EC71A7 /* NewMessageController.swift */,
				9FE284AB2534948200EC71A7 /* ChatController.swift */,
				9F1FE30F2535CF1200D6677A /* ProfileController.swift */,
			);
			path = Controller;
			sourceTree = "<group>";
		};
		9FCE2947252B587F00AC00C3 /* ViewModel */ = {
			isa = PBXGroup;
			children = (
				9F3E7A91252C992C003D3573 /* Authentication */,
				9F1FE3032535852C00D6677A /* MessageViewModel.swift */,
				9F1FE30C2535CA7300D6677A /* ConversationViewModel.swift */,
				9F003AFA2536C9F3008AB2E3 /* ProfileViewModel.swift */,
			);
			path = ViewModel;
			sourceTree = "<group>";
		};
		9FCE2948252B588000AC00C3 /* View */ = {
			isa = PBXGroup;
			children = (
				9F3E7A85252C4CEE003D3573 /* InputContainerView.swift */,
				9F3E7A88252C4FA5003D3573 /* CustomTextField.swift */,
				9FE284A2253479C700EC71A7 /* UserCell.swift */,
				9F1FE2FA25356D1B00D6677A /* CustomInputAccessoryView.swift */,
				9F1FE2FD25357D8C00D6677A /* MessageCell.swift */,
				9F1FE3092535C7B000D6677A /* ConversationCell.swift */,
				9F1FE3122535CFF000D6677A /* ProfileHeader.swift */,
				9F003AFD2536CB18008AB2E3 /* ProfileCell.swift */,
				9F003B002536D334008AB2E3 /* ProfileFooter.swift */,
			);
			path = View;
			sourceTree = "<group>";
		};
		9FCE2949252B588200AC00C3 /* Model */ = {
			isa = PBXGroup;
			children = (
				9FE284A525347EE900EC71A7 /* User.swift */,
				9F1FE3002535821800D6677A /* Message.swift */,
			);
			path = Model;
			sourceTree = "<group>";
		};
/* End PBXGroup section */

/* Begin PBXNativeTarget section */
		9FCE292B252B56A800AC00C3 /* real-time-chat */ = {
			isa = PBXNativeTarget;
			buildConfigurationList = 9FCE2940252B56A900AC00C3 /* Build configuration list for PBXNativeTarget "real-time-chat" */;
			buildPhases = (
				F5E982C9CC94A5F46F320416 /* [CP] Check Pods Manifest.lock */,
				9FCE2928252B56A800AC00C3 /* Sources */,
				9FCE2929252B56A800AC00C3 /* Frameworks */,
				9FCE292A252B56A800AC00C3 /* Resources */,
				83195CB3514389CBE782C1BE /* [CP] Embed Pods Frameworks */,
			);
			buildRules = (
			);
			dependencies = (
			);
			name = "real-time-chat";
			productName = "real-time-chat";
			productReference = 9FCE292C252B56A800AC00C3 /* real-time-chat.app */;
			productType = "com.apple.product-type.application";
		};
/* End PBXNativeTarget section */

/* Begin PBXProject section */
		9FCE2924252B56A800AC00C3 /* Project object */ = {
			isa = PBXProject;
			attributes = {
				LastSwiftUpdateCheck = 1200;
				LastUpgradeCheck = 1200;
				TargetAttributes = {
					9FCE292B252B56A800AC00C3 = {
						CreatedOnToolsVersion = 12.0.1;
					};
				};
			};
			buildConfigurationList = 9FCE2927252B56A800AC00C3 /* Build configuration list for PBXProject "real-time-chat" */;
			compatibilityVersion = "Xcode 9.3";
			developmentRegion = en;
			hasScannedForEncodings = 0;
			knownRegions = (
				en,
				Base,
			);
			mainGroup = 9FCE2923252B56A800AC00C3;
			productRefGroup = 9FCE292D252B56A800AC00C3 /* Products */;
			projectDirPath = "";
			projectRoot = "";
			targets = (
				9FCE292B252B56A800AC00C3 /* real-time-chat */,
			);
		};
/* End PBXProject section */

/* Begin PBXResourcesBuildPhase section */
		9FCE292A252B56A800AC00C3 /* Resources */ = {
			isa = PBXResourcesBuildPhase;
			buildActionMask = 2147483647;
			files = (
				9FCE293C252B56A900AC00C3 /* LaunchScreen.storyboard in Resources */,
				9FB2DD4E252D5DA20001D804 /* GoogleService-Info.plist in Resources */,
				9FCE2939252B56A900AC00C3 /* Assets.xcassets in Resources */,
				9FCE2937252B56A800AC00C3 /* Main.storyboard in Resources */,
			);
			runOnlyForDeploymentPostprocessing = 0;
		};
/* End PBXResourcesBuildPhase section */

/* Begin PBXShellScriptBuildPhase section */
		83195CB3514389CBE782C1BE /* [CP] Embed Pods Frameworks */ = {
			isa = PBXShellScriptBuildPhase;
			buildActionMask = 2147483647;
			files = (
			);
			inputFileListPaths = (
				"${PODS_ROOT}/Target Support Files/Pods-real-time-chat/Pods-real-time-chat-frameworks-${CONFIGURATION}-input-files.xcfilelist",
			);
			name = "[CP] Embed Pods Frameworks";
			outputFileListPaths = (
				"${PODS_ROOT}/Target Support Files/Pods-real-time-chat/Pods-real-time-chat-frameworks-${CONFIGURATION}-output-files.xcfilelist",
			);
			runOnlyForDeploymentPostprocessing = 0;
			shellPath = /bin/sh;
			shellScript = "\"${PODS_ROOT}/Target Support Files/Pods-real-time-chat/Pods-real-time-chat-frameworks.sh\"\n";
			showEnvVarsInLog = 0;
		};
		F5E982C9CC94A5F46F320416 /* [CP] Check Pods Manifest.lock */ = {
			isa = PBXShellScriptBuildPhase;
			buildActionMask = 2147483647;
			files = (
			);
			inputFileListPaths = (
			);
			inputPaths = (
				"${PODS_PODFILE_DIR_PATH}/Podfile.lock",
				"${PODS_ROOT}/Manifest.lock",
			);
			name = "[CP] Check Pods Manifest.lock";
			outputFileListPaths = (
			);
			outputPaths = (
				"$(DERIVED_FILE_DIR)/Pods-real-time-chat-checkManifestLockResult.txt",
			);
			runOnlyForDeploymentPostprocessing = 0;
			shellPath = /bin/sh;
			shellScript = "diff \"${PODS_PODFILE_DIR_PATH}/Podfile.lock\" \"${PODS_ROOT}/Manifest.lock\" > /dev/null\nif [ $? != 0 ] ; then\n    # print error to STDERR\n    echo \"error: The sandbox is not in sync with the Podfile.lock. Run 'pod install' or update your CocoaPods installation.\" >&2\n    exit 1\nfi\n# This output is used by Xcode 'outputs' to avoid re-running this script phase.\necho \"SUCCESS\" > \"${SCRIPT_OUTPUT_FILE_0}\"\n";
			showEnvVarsInLog = 0;
		};
/* End PBXShellScriptBuildPhase section */

/* Begin PBXSourcesBuildPhase section */
		9FCE2928252B56A800AC00C3 /* Sources */ = {
			isa = PBXSourcesBuildPhase;
			buildActionMask = 2147483647;
			files = (
				9F1FE3102535CF1200D6677A /* ProfileController.swift in Sources */,
				9FCE2934252B56A800AC00C3 /* ViewController.swift in Sources */,
				9F1FE3072535935800D6677A /* Constants.swift in Sources */,
				9F003AFB2536C9F3008AB2E3 /* ProfileViewModel.swift in Sources */,
				9F3E7A8F252C9924003D3573 /* RegistrationViewModel.swift in Sources */,
				9F3E7A86252C4CEE003D3573 /* InputContainerView.swift in Sources */,
				9FE2849D2534426700EC71A7 /* AuthService.swift in Sources */,
				9F1FE3042535852C00D6677A /* MessageViewModel.swift in Sources */,
				9F003B012536D334008AB2E3 /* ProfileFooter.swift in Sources */,
				9FCE2930252B56A800AC00C3 /* AppDelegate.swift in Sources */,
				9FCE294B252B590600AC00C3 /* ConversationsController.swift in Sources */,
				9FE284A3253479C700EC71A7 /* UserCell.swift in Sources */,
				9FCE2932252B56A800AC00C3 /* SceneDelegate.swift in Sources */,
				9FE284A625347EE900EC71A7 /* User.swift in Sources */,
				9F003AFE2536CB18008AB2E3 /* ProfileCell.swift in Sources */,
				9FE284A925347FAA00EC71A7 /* Service.swift in Sources */,
				9F1FE2FE25357D8C00D6677A /* MessageCell.swift in Sources */,
				9F1FE30D2535CA7300D6677A /* ConversationViewModel.swift in Sources */,
				9F3E7A7C252C3DDC003D3573 /* RegistrationController.swift in Sources */,
				9F3E7A79252C3DCD003D3573 /* LoginController.swift in Sources */,
				9F3E7A7F252C4142003D3573 /* Extensions.swift in Sources */,
				9F1FE3132535CFF000D6677A /* ProfileHeader.swift in Sources */,
				9F3E7A8C252C6066003D3573 /* LoginViewModel.swift in Sources */,
				9FE284AC2534948200EC71A7 /* ChatController.swift in Sources */,
				9F3E7A89252C4FA5003D3573 /* CustomTextField.swift in Sources */,
				9F1FE30A2535C7B000D6677A /* ConversationCell.swift in Sources */,
				9F1FE3012535821800D6677A /* Message.swift in Sources */,
				9FE284A02534747300EC71A7 /* NewMessageController.swift in Sources */,
				9F1FE2FB25356D1B00D6677A /* CustomInputAccessoryView.swift in Sources */,
			);
			runOnlyForDeploymentPostprocessing = 0;
		};
/* End PBXSourcesBuildPhase section */

/* Begin PBXVariantGroup section */
		9FCE2935252B56A800AC00C3 /* Main.storyboard */ = {
			isa = PBXVariantGroup;
			children = (
				9FCE2936252B56A800AC00C3 /* Base */,
			);
			name = Main.storyboard;
			sourceTree = "<group>";
		};
		9FCE293A252B56A900AC00C3 /* LaunchScreen.storyboard */ = {
			isa = PBXVariantGroup;
			children = (
				9FCE293B252B56A900AC00C3 /* Base */,
			);
			name = LaunchScreen.storyboard;
			sourceTree = "<group>";
		};
/* End PBXVariantGroup section */

/* Begin XCBuildConfiguration section */
		9FCE293E252B56A900AC00C3 /* Debug */ = {
			isa = XCBuildConfiguration;
			buildSettings = {
				ALWAYS_SEARCH_USER_PATHS = NO;
				CLANG_ANALYZER_NONNULL = YES;
				CLANG_ANALYZER_NUMBER_OBJECT_CONVERSION = YES_AGGRESSIVE;
				CLANG_CXX_LANGUAGE_STANDARD = "gnu++14";
				CLANG_CXX_LIBRARY = "libc++";
				CLANG_ENABLE_MODULES = YES;
				CLANG_ENABLE_OBJC_ARC = YES;
				CLANG_ENABLE_OBJC_WEAK = YES;
				CLANG_WARN_BLOCK_CAPTURE_AUTORELEASING = YES;
				CLANG_WARN_BOOL_CONVERSION = YES;
				CLANG_WARN_COMMA = YES;
				CLANG_WARN_CONSTANT_CONVERSION = YES;
				CLANG_WARN_DEPRECATED_OBJC_IMPLEMENTATIONS = YES;
				CLANG_WARN_DIRECT_OBJC_ISA_USAGE = YES_ERROR;
				CLANG_WARN_DOCUMENTATION_COMMENTS = YES;
				CLANG_WARN_EMPTY_BODY = YES;
				CLANG_WARN_ENUM_CONVERSION = YES;
				CLANG_WARN_INFINITE_RECURSION = YES;
				CLANG_WARN_INT_CONVERSION = YES;
				CLANG_WARN_NON_LITERAL_NULL_CONVERSION = YES;
				CLANG_WARN_OBJC_IMPLICIT_RETAIN_SELF = YES;
				CLANG_WARN_OBJC_LITERAL_CONVERSION = YES;
				CLANG_WARN_OBJC_ROOT_CLASS = YES_ERROR;
				CLANG_WARN_QUOTED_INCLUDE_IN_FRAMEWORK_HEADER = YES;
				CLANG_WARN_RANGE_LOOP_ANALYSIS = YES;
				CLANG_WARN_STRICT_PROTOTYPES = YES;
				CLANG_WARN_SUSPICIOUS_MOVE = YES;
				CLANG_WARN_UNGUARDED_AVAILABILITY = YES_AGGRESSIVE;
				CLANG_WARN_UNREACHABLE_CODE = YES;
				CLANG_WARN__DUPLICATE_METHOD_MATCH = YES;
				COPY_PHASE_STRIP = NO;
				DEBUG_INFORMATION_FORMAT = dwarf;
				ENABLE_STRICT_OBJC_MSGSEND = YES;
				ENABLE_TESTABILITY = YES;
				GCC_C_LANGUAGE_STANDARD = gnu11;
				GCC_DYNAMIC_NO_PIC = NO;
				GCC_NO_COMMON_BLOCKS = YES;
				GCC_OPTIMIZATION_LEVEL = 0;
				GCC_PREPROCESSOR_DEFINITIONS = (
					"DEBUG=1",
					"$(inherited)",
				);
				GCC_WARN_64_TO_32_BIT_CONVERSION = YES;
				GCC_WARN_ABOUT_RETURN_TYPE = YES_ERROR;
				GCC_WARN_UNDECLARED_SELECTOR = YES;
				GCC_WARN_UNINITIALIZED_AUTOS = YES_AGGRESSIVE;
				GCC_WARN_UNUSED_FUNCTION = YES;
				GCC_WARN_UNUSED_VARIABLE = YES;
				IPHONEOS_DEPLOYMENT_TARGET = 14.0;
				MTL_ENABLE_DEBUG_INFO = INCLUDE_SOURCE;
				MTL_FAST_MATH = YES;
				ONLY_ACTIVE_ARCH = YES;
				SDKROOT = iphoneos;
				SWIFT_ACTIVE_COMPILATION_CONDITIONS = DEBUG;
				SWIFT_OPTIMIZATION_LEVEL = "-Onone";
			};
			name = Debug;
		};
		9FCE293F252B56A900AC00C3 /* Release */ = {
			isa = XCBuildConfiguration;
			buildSettings = {
				ALWAYS_SEARCH_USER_PATHS = NO;
				CLANG_ANALYZER_NONNULL = YES;
				CLANG_ANALYZER_NUMBER_OBJECT_CONVERSION = YES_AGGRESSIVE;
				CLANG_CXX_LANGUAGE_STANDARD = "gnu++14";
				CLANG_CXX_LIBRARY = "libc++";
				CLANG_ENABLE_MODULES = YES;
				CLANG_ENABLE_OBJC_ARC = YES;
				CLANG_ENABLE_OBJC_WEAK = YES;
				CLANG_WARN_BLOCK_CAPTURE_AUTORELEASING = YES;
				CLANG_WARN_BOOL_CONVERSION = YES;
				CLANG_WARN_COMMA = YES;
				CLANG_WARN_CONSTANT_CONVERSION = YES;
				CLANG_WARN_DEPRECATED_OBJC_IMPLEMENTATIONS = YES;
				CLANG_WARN_DIRECT_OBJC_ISA_USAGE = YES_ERROR;
				CLANG_WARN_DOCUMENTATION_COMMENTS = YES;
				CLANG_WARN_EMPTY_BODY = YES;
				CLANG_WARN_ENUM_CONVERSION = YES;
				CLANG_WARN_INFINITE_RECURSION = YES;
				CLANG_WARN_INT_CONVERSION = YES;
				CLANG_WARN_NON_LITERAL_NULL_CONVERSION = YES;
				CLANG_WARN_OBJC_IMPLICIT_RETAIN_SELF = YES;
				CLANG_WARN_OBJC_LITERAL_CONVERSION = YES;
				CLANG_WARN_OBJC_ROOT_CLASS = YES_ERROR;
				CLANG_WARN_QUOTED_INCLUDE_IN_FRAMEWORK_HEADER = YES;
				CLANG_WARN_RANGE_LOOP_ANALYSIS = YES;
				CLANG_WARN_STRICT_PROTOTYPES = YES;
				CLANG_WARN_SUSPICIOUS_MOVE = YES;
				CLANG_WARN_UNGUARDED_AVAILABILITY = YES_AGGRESSIVE;
				CLANG_WARN_UNREACHABLE_CODE = YES;
				CLANG_WARN__DUPLICATE_METHOD_MATCH = YES;
				COPY_PHASE_STRIP = NO;
				DEBUG_INFORMATION_FORMAT = "dwarf-with-dsym";
				ENABLE_NS_ASSERTIONS = NO;
				ENABLE_STRICT_OBJC_MSGSEND = YES;
				GCC_C_LANGUAGE_STANDARD = gnu11;
				GCC_NO_COMMON_BLOCKS = YES;
				GCC_WARN_64_TO_32_BIT_CONVERSION = YES;
				GCC_WARN_ABOUT_RETURN_TYPE = YES_ERROR;
				GCC_WARN_UNDECLARED_SELECTOR = YES;
				GCC_WARN_UNINITIALIZED_AUTOS = YES_AGGRESSIVE;
				GCC_WARN_UNUSED_FUNCTION = YES;
				GCC_WARN_UNUSED_VARIABLE = YES;
				IPHONEOS_DEPLOYMENT_TARGET = 14.0;
				MTL_ENABLE_DEBUG_INFO = NO;
				MTL_FAST_MATH = YES;
				SDKROOT = iphoneos;
				SWIFT_COMPILATION_MODE = wholemodule;
				SWIFT_OPTIMIZATION_LEVEL = "-O";
				VALIDATE_PRODUCT = YES;
			};
			name = Release;
		};
		9FCE2941252B56A900AC00C3 /* Debug */ = {
			isa = XCBuildConfiguration;
			baseConfigurationReference = 24D738E4C36E3208324E363A /* Pods-real-time-chat.debug.xcconfig */;
			buildSettings = {
				ASSETCATALOG_COMPILER_APPICON_NAME = AppIcon;
				ASSETCATALOG_COMPILER_GLOBAL_ACCENT_COLOR_NAME = AccentColor;
				CODE_SIGN_STYLE = Automatic;
				DEVELOPMENT_TEAM = 4L2695C228;
				INFOPLIST_FILE = "real-time-chat/Info.plist";
				LD_RUNPATH_SEARCH_PATHS = (
					"$(inherited)",
					"@executable_path/Frameworks",
				);
				PRODUCT_BUNDLE_IDENTIFIER = "Sunggweon-Hyeong.real-time-chat";
				PRODUCT_NAME = "$(TARGET_NAME)";
				SWIFT_VERSION = 5.0;
				TARGETED_DEVICE_FAMILY = "1,2";
			};
			name = Debug;
		};
		9FCE2942252B56A900AC00C3 /* Release */ = {
			isa = XCBuildConfiguration;
			baseConfigurationReference = ECED2C02A3323D65D3CD2100 /* Pods-real-time-chat.release.xcconfig */;
			buildSettings = {
				ASSETCATALOG_COMPILER_APPICON_NAME = AppIcon;
				ASSETCATALOG_COMPILER_GLOBAL_ACCENT_COLOR_NAME = AccentColor;
				CODE_SIGN_STYLE = Automatic;
				DEVELOPMENT_TEAM = 4L2695C228;
				INFOPLIST_FILE = "real-time-chat/Info.plist";
				LD_RUNPATH_SEARCH_PATHS = (
					"$(inherited)",
					"@executable_path/Frameworks",
				);
				PRODUCT_BUNDLE_IDENTIFIER = "Sunggweon-Hyeong.real-time-chat";
				PRODUCT_NAME = "$(TARGET_NAME)";
				SWIFT_VERSION = 5.0;
				TARGETED_DEVICE_FAMILY = "1,2";
			};
			name = Release;
		};
/* End XCBuildConfiguration section */

/* Begin XCConfigurationList section */
		9FCE2927252B56A800AC00C3 /* Build configuration list for PBXProject "real-time-chat" */ = {
			isa = XCConfigurationList;
			buildConfigurations = (
				9FCE293E252B56A900AC00C3 /* Debug */,
				9FCE293F252B56A900AC00C3 /* Release */,
			);
			defaultConfigurationIsVisible = 0;
			defaultConfigurationName = Release;
		};
		9FCE2940252B56A900AC00C3 /* Build configuration list for PBXNativeTarget "real-time-chat" */ = {
			isa = XCConfigurationList;
			buildConfigurations = (
				9FCE2941252B56A900AC00C3 /* Debug */,
				9FCE2942252B56A900AC00C3 /* Release */,
			);
			defaultConfigurationIsVisible = 0;
			defaultConfigurationName = Release;
		};
/* End XCConfigurationList section */
	};
	rootObject = 9FCE2924252B56A800AC00C3 /* Project object */;
}
