// !$*UTF8*$!
{
	archiveVersion = 1;
	classes = {
	};
	objectVersion = 50;
	objects = {

/* Begin PBXBuildFile section */
		9FCE2930252B56A800AC00C3 /* AppDelegate.swift in Sources */ = {isa = PBXBuildFile; fileRef = 9FCE292F252B56A800AC00C3 /* AppDelegate.swift */; };
		9FCE2932252B56A800AC00C3 /* SceneDelegate.swift in Sources */ = {isa = PBXBuildFile; fileRef = 9FCE2931252B56A800AC00C3 /* SceneDelegate.swift */; };
		9FCE2934252B56A800AC00C3 /* ViewController.swift in Sources */ = {isa = PBXBuildFile; fileRef = 9FCE2933252B56A800AC00C3 /* ViewController.swift */; };
		9FCE2937252B56A800AC00C3 /* Main.storyboard in Resources */ = {isa = PBXBuildFile; fileRef = 9FCE2935252B56A800AC00C3 /* Main.storyboard */; };
		9FCE2939252B56A900AC00C3 /* Assets.xcassets in Resources */ = {isa = PBXBuildFile; fileRef = 9FCE2938252B56A900AC00C3 /* Assets.xcassets */; };
		9FCE293C252B56A900AC00C3 /* LaunchScreen.storyboard in Resources */ = {isa = PBXBuildFile; fileRef = 9FCE293A252B56A900AC00C3 /* LaunchScreen.storyboard */; };
		9FCE294B252B590600AC00C3 /* ConversationsController.swift in Sources */ = {isa = PBXBuildFile; fileRef = 9FCE294A252B590600AC00C3 /* ConversationsController.swift */; };
/* End PBXBuildFile section */

/* Begin PBXFileReference section */
		9FCE292C252B56A800AC00C3 /* real-time-chat.app */ = {isa = PBXFileReference; explicitFileType = wrapper.application; includeInIndex = 0; path = "real-time-chat.app"; sourceTree = BUILT_PRODUCTS_DIR; };
		9FCE292F252B56A800AC00C3 /* AppDelegate.swift */ = {isa = PBXFileReference; lastKnownFileType = sourcecode.swift; path = AppDelegate.swift; sourceTree = "<group>"; };
		9FCE2931252B56A800AC00C3 /* SceneDelegate.swift */ = {isa = PBXFileReference; lastKnownFileType = sourcecode.swift; path = SceneDelegate.swift; sourceTree = "<group>"; };
		9FCE2933252B56A800AC00C3 /* ViewController.swift */ = {isa = PBXFileReference; lastKnownFileType = sourcecode.swift; path = ViewController.swift; sourceTree = "<group>"; };
		9FCE2936252B56A800AC00C3 /* Base */ = {isa = PBXFileReference; lastKnownFileType = file.storyboard; name = Base; path = Base.lproj/Main.storyboard; sourceTree = "<group>"; };
		9FCE2938252B56A900AC00C3 /* Assets.xcassets */ = {isa = PBXFileReference; lastKnownFileType = folder.assetcatalog; path = Assets.xcassets; sourceTree = "<group>"; };
		9FCE293B252B56A900AC00C3 /* Base */ = {isa = PBXFileReference; lastKnownFileType = file.storyboard; name = Base; path = Base.lproj/LaunchScreen.storyboard; sourceTree = "<group>"; };
		9FCE293D252B56A900AC00C3 /* Info.plist */ = {isa = PBXFileReference; lastKnownFileType = text.plist.xml; path = Info.plist; sourceTree = "<group>"; };
		9FCE294A252B590600AC00C3 /* ConversationsController.swift */ = {isa = PBXFileReference; lastKnownFileType = sourcecode.swift; path = ConversationsController.swift; sourceTree = "<group>"; };
/* End PBXFileReference section */

/* Begin PBXFrameworksBuildPhase section */
		9FCE2929252B56A800AC00C3 /* Frameworks */ = {
			isa = PBXFrameworksBuildPhase;
			buildActionMask = 2147483647;
			files = (
			);
			runOnlyForDeploymentPostprocessing = 0;
		};
/* End PBXFrameworksBuildPhase section */

/* Begin PBXGroup section */
		9FCE2923252B56A800AC00C3 = {
			isa = PBXGroup;
			children = (
				9FCE292E252B56A800AC00C3 /* real-time-chat */,
				9FCE292D252B56A800AC00C3 /* Products */,
			);
			sourceTree = "<group>";
		};
		9FCE292D252B56A800AC00C3 /* Products */ = {
			isa = PBXGroup;
			children = (
				9FCE292C252B56A800AC00C3 /* real-time-chat.app */,
			);
			name = Products;
			sourceTree = "<group>";
		};
		9FCE292E252B56A800AC00C3 /* real-time-chat */ = {
			isa = PBXGroup;
			children = (
				9FCE2949252B588200AC00C3 /* Model */,
				9FCE2948252B588000AC00C3 /* View */,
				9FCE2947252B587F00AC00C3 /* ViewModel */,
				9FCE2946252B587E00AC00C3 /* Controller */,
				9FCE2945252B587C00AC00C3 /* API */,
				9FCE2944252B587300AC00C3 /* Utills */,
				9FCE292F252B56A800AC00C3 /* AppDelegate.swift */,
				9FCE2931252B56A800AC00C3 /* SceneDelegate.swift */,
				9FCE2933252B56A800AC00C3 /* ViewController.swift */,
				9FCE2935252B56A800AC00C3 /* Main.storyboard */,
				9FCE2938252B56A900AC00C3 /* Assets.xcassets */,
				9FCE293A252B56A900AC00C3 /* LaunchScreen.storyboard */,
				9FCE293D252B56A900AC00C3 /* Info.plist */,
			);
			path = "real-time-chat";
			sourceTree = "<group>";
		};
		9FCE2944252B587300AC00C3 /* Utills */ = {
			isa = PBXGroup;
			children = (
			);
			path = Utills;
			sourceTree = "<group>";
		};
		9FCE2945252B587C00AC00C3 /* API */ = {
			isa = PBXGroup;
			children = (
			);
			path = API;
			sourceTree = "<group>";
		};
		9FCE2946252B587E00AC00C3 /* Controller */ = {
			isa = PBXGroup;
			children = (
				9FCE294A252B590600AC00C3 /* ConversationsController.swift */,
			);
			path = Controller;
			sourceTree = "<group>";
		};
		9FCE2947252B587F00AC00C3 /* ViewModel */ = {
			isa = PBXGroup;
			children = (
			);
			path = ViewModel;
			sourceTree = "<group>";
		};
		9FCE2948252B588000AC00C3 /* View */ = {
			isa = PBXGroup;
			children = (
			);
			path = View;
			sourceTree = "<group>";
		};
		9FCE2949252B588200AC00C3 /* Model */ = {
			isa = PBXGroup;
			children = (
			);
			path = Model;
			sourceTree = "<group>";
		};
/* End PBXGroup section */

/* Begin PBXNativeTarget section */
		9FCE292B252B56A800AC00C3 /* real-time-chat */ = {
			isa = PBXNativeTarget;
			buildConfigurationList = 9FCE2940252B56A900AC00C3 /* Build configuration list for PBXNativeTarget "real-time-chat" */;
			buildPhases = (
				9FCE2928252B56A800AC00C3 /* Sources */,
				9FCE2929252B56A800AC00C3 /* Frameworks */,
				9FCE292A252B56A800AC00C3 /* Resources */,
			);
			buildRules = (
			);
			dependencies = (
			);
			name = "real-time-chat";
			productName = "real-time-chat";
			productReference = 9FCE292C252B56A800AC00C3 /* real-time-chat.app */;
			productType = "com.apple.product-type.application";
		};
/* End PBXNativeTarget section */

/* Begin PBXProject section */
		9FCE2924252B56A800AC00C3 /* Project object */ = {
			isa = PBXProject;
			attributes = {
				LastSwiftUpdateCheck = 1200;
				LastUpgradeCheck = 1200;
				TargetAttributes = {
					9FCE292B252B56A800AC00C3 = {
						CreatedOnToolsVersion = 12.0.1;
					};
				};
			};
			buildConfigurationList = 9FCE2927252B56A800AC00C3 /* Build configuration list for PBXProject "real-time-chat" */;
			compatibilityVersion = "Xcode 9.3";
			developmentRegion = en;
			hasScannedForEncodings = 0;
			knownRegions = (
				en,
				Base,
			);
			mainGroup = 9FCE2923252B56A800AC00C3;
			productRefGroup = 9FCE292D252B56A800AC00C3 /* Products */;
			projectDirPath = "";
			projectRoot = "";
			targets = (
				9FCE292B252B56A800AC00C3 /* real-time-chat */,
			);
		};
/* End PBXProject section */

/* Begin PBXResourcesBuildPhase section */
		9FCE292A252B56A800AC00C3 /* Resources */ = {
			isa = PBXResourcesBuildPhase;
			buildActionMask = 2147483647;
			files = (
				9FCE293C252B56A900AC00C3 /* LaunchScreen.storyboard in Resources */,
				9FCE2939252B56A900AC00C3 /* Assets.xcassets in Resources */,
				9FCE2937252B56A800AC00C3 /* Main.storyboard in Resources */,
			);
			runOnlyForDeploymentPostprocessing = 0;
		};
/* End PBXResourcesBuildPhase section */

/* Begin PBXSourcesBuildPhase section */
		9FCE2928252B56A800AC00C3 /* Sources */ = {
			isa = PBXSourcesBuildPhase;
			buildActionMask = 2147483647;
			files = (
				9FCE2934252B56A800AC00C3 /* ViewController.swift in Sources */,
				9FCE2930252B56A800AC00C3 /* AppDelegate.swift in Sources */,
				9FCE294B252B590600AC00C3 /* ConversationsController.swift in Sources */,
				9FCE2932252B56A800AC00C3 /* SceneDelegate.swift in Sources */,
			);
			runOnlyForDeploymentPostprocessing = 0;
		};
/* End PBXSourcesBuildPhase section */

/* Begin PBXVariantGroup section */
		9FCE2935252B56A800AC00C3 /* Main.storyboard */ = {
			isa = PBXVariantGroup;
			children = (
				9FCE2936252B56A800AC00C3 /* Base */,
			);
			name = Main.storyboard;
			sourceTree = "<group>";
		};
		9FCE293A252B56A900AC00C3 /* LaunchScreen.storyboard */ = {
			isa = PBXVariantGroup;
			children = (
				9FCE293B252B56A900AC00C3 /* Base */,
			);
			name = LaunchScreen.storyboard;
			sourceTree = "<group>";
		};
/* End PBXVariantGroup section */

/* Begin XCBuildConfiguration section */
		9FCE293E252B56A900AC00C3 /* Debug */ = {
			isa = XCBuildConfiguration;
			buildSettings = {
				ALWAYS_SEARCH_USER_PATHS = NO;
				CLANG_ANALYZER_NONNULL = YES;
				CLANG_ANALYZER_NUMBER_OBJECT_CONVERSION = YES_AGGRESSIVE;
				CLANG_CXX_LANGUAGE_STANDARD = "gnu++14";
				CLANG_CXX_LIBRARY = "libc++";
				CLANG_ENABLE_MODULES = YES;
				CLANG_ENABLE_OBJC_ARC = YES;
				CLANG_ENABLE_OBJC_WEAK = YES;
				CLANG_WARN_BLOCK_CAPTURE_AUTORELEASING = YES;
				CLANG_WARN_BOOL_CONVERSION = YES;
				CLANG_WARN_COMMA = YES;
				CLANG_WARN_CONSTANT_CONVERSION = YES;
				CLANG_WARN_DEPRECATED_OBJC_IMPLEMENTATIONS = YES;
				CLANG_WARN_DIRECT_OBJC_ISA_USAGE = YES_ERROR;
				CLANG_WARN_DOCUMENTATION_COMMENTS = YES;
				CLANG_WARN_EMPTY_BODY = YES;
				CLANG_WARN_ENUM_CONVERSION = YES;
				CLANG_WARN_INFINITE_RECURSION = YES;
				CLANG_WARN_INT_CONVERSION = YES;
				CLANG_WARN_NON_LITERAL_NULL_CONVERSION = YES;
				CLANG_WARN_OBJC_IMPLICIT_RETAIN_SELF = YES;
				CLANG_WARN_OBJC_LITERAL_CONVERSION = YES;
				CLANG_WARN_OBJC_ROOT_CLASS = YES_ERROR;
				CLANG_WARN_QUOTED_INCLUDE_IN_FRAMEWORK_HEADER = YES;
				CLANG_WARN_RANGE_LOOP_ANALYSIS = YES;
				CLANG_WARN_STRICT_PROTOTYPES = YES;
				CLANG_WARN_SUSPICIOUS_MOVE = YES;
				CLANG_WARN_UNGUARDED_AVAILABILITY = YES_AGGRESSIVE;
				CLANG_WARN_UNREACHABLE_CODE = YES;
				CLANG_WARN__DUPLICATE_METHOD_MATCH = YES;
				COPY_PHASE_STRIP = NO;
				DEBUG_INFORMATION_FORMAT = dwarf;
				ENABLE_STRICT_OBJC_MSGSEND = YES;
				ENABLE_TESTABILITY = YES;
				GCC_C_LANGUAGE_STANDARD = gnu11;
				GCC_DYNAMIC_NO_PIC = NO;
				GCC_NO_COMMON_BLOCKS = YES;
				GCC_OPTIMIZATION_LEVEL = 0;
				GCC_PREPROCESSOR_DEFINITIONS = (
					"DEBUG=1",
					"$(inherited)",
				);
				GCC_WARN_64_TO_32_BIT_CONVERSION = YES;
				GCC_WARN_ABOUT_RETURN_TYPE = YES_ERROR;
				GCC_WARN_UNDECLARED_SELECTOR = YES;
				GCC_WARN_UNINITIALIZED_AUTOS = YES_AGGRESSIVE;
				GCC_WARN_UNUSED_FUNCTION = YES;
				GCC_WARN_UNUSED_VARIABLE = YES;
				IPHONEOS_DEPLOYMENT_TARGET = 14.0;
				MTL_ENABLE_DEBUG_INFO = INCLUDE_SOURCE;
				MTL_FAST_MATH = YES;
				ONLY_ACTIVE_ARCH = YES;
				SDKROOT = iphoneos;
				SWIFT_ACTIVE_COMPILATION_CONDITIONS = DEBUG;
				SWIFT_OPTIMIZATION_LEVEL = "-Onone";
			};
			name = Debug;
		};
		9FCE293F252B56A900AC00C3 /* Release */ = {
			isa = XCBuildConfiguration;
			buildSettings = {
				ALWAYS_SEARCH_USER_PATHS = NO;
				CLANG_ANALYZER_NONNULL = YES;
				CLANG_ANALYZER_NUMBER_OBJECT_CONVERSION = YES_AGGRESSIVE;
				CLANG_CXX_LANGUAGE_STANDARD = "gnu++14";
				CLANG_CXX_LIBRARY = "libc++";
				CLANG_ENABLE_MODULES = YES;
				CLANG_ENABLE_OBJC_ARC = YES;
				CLANG_ENABLE_OBJC_WEAK = YES;
				CLANG_WARN_BLOCK_CAPTURE_AUTORELEASING = YES;
				CLANG_WARN_BOOL_CONVERSION = YES;
				CLANG_WARN_COMMA = YES;
				CLANG_WARN_CONSTANT_CONVERSION = YES;
				CLANG_WARN_DEPRECATED_OBJC_IMPLEMENTATIONS = YES;
				CLANG_WARN_DIRECT_OBJC_ISA_USAGE = YES_ERROR;
				CLANG_WARN_DOCUMENTATION_COMMENTS = YES;
				CLANG_WARN_EMPTY_BODY = YES;
				CLANG_WARN_ENUM_CONVERSION = YES;
				CLANG_WARN_INFINITE_RECURSION = YES;
				CLANG_WARN_INT_CONVERSION = YES;
				CLANG_WARN_NON_LITERAL_NULL_CONVERSION = YES;
				CLANG_WARN_OBJC_IMPLICIT_RETAIN_SELF = YES;
				CLANG_WARN_OBJC_LITERAL_CONVERSION = YES;
				CLANG_WARN_OBJC_ROOT_CLASS = YES_ERROR;
				CLANG_WARN_QUOTED_INCLUDE_IN_FRAMEWORK_HEADER = YES;
				CLANG_WARN_RANGE_LOOP_ANALYSIS = YES;
				CLANG_WARN_STRICT_PROTOTYPES = YES;
				CLANG_WARN_SUSPICIOUS_MOVE = YES;
				CLANG_WARN_UNGUARDED_AVAILABILITY = YES_AGGRESSIVE;
				CLANG_WARN_UNREACHABLE_CODE = YES;
				CLANG_WARN__DUPLICATE_METHOD_MATCH = YES;
				COPY_PHASE_STRIP = NO;
				DEBUG_INFORMATION_FORMAT = "dwarf-with-dsym";
				ENABLE_NS_ASSERTIONS = NO;
				ENABLE_STRICT_OBJC_MSGSEND = YES;
				GCC_C_LANGUAGE_STANDARD = gnu11;
				GCC_NO_COMMON_BLOCKS = YES;
				GCC_WARN_64_TO_32_BIT_CONVERSION = YES;
				GCC_WARN_ABOUT_RETURN_TYPE = YES_ERROR;
				GCC_WARN_UNDECLARED_SELECTOR = YES;
				GCC_WARN_UNINITIALIZED_AUTOS = YES_AGGRESSIVE;
				GCC_WARN_UNUSED_FUNCTION = YES;
				GCC_WARN_UNUSED_VARIABLE = YES;
				IPHONEOS_DEPLOYMENT_TARGET = 14.0;
				MTL_ENABLE_DEBUG_INFO = NO;
				MTL_FAST_MATH = YES;
				SDKROOT = iphoneos;
				SWIFT_COMPILATION_MODE = wholemodule;
				SWIFT_OPTIMIZATION_LEVEL = "-O";
				VALIDATE_PRODUCT = YES;
			};
			name = Release;
		};
		9FCE2941252B56A900AC00C3 /* Debug */ = {
			isa = XCBuildConfiguration;
			buildSettings = {
				ASSETCATALOG_COMPILER_APPICON_NAME = AppIcon;
				ASSETCATALOG_COMPILER_GLOBAL_ACCENT_COLOR_NAME = AccentColor;
				CODE_SIGN_STYLE = Automatic;
				DEVELOPMENT_TEAM = 4L2695C228;
				INFOPLIST_FILE = "real-time-chat/Info.plist";
				LD_RUNPATH_SEARCH_PATHS = (
					"$(inherited)",
					"@executable_path/Frameworks",
				);
				PRODUCT_BUNDLE_IDENTIFIER = "Sunggweon-Hyeong.real-time-chat";
				PRODUCT_NAME = "$(TARGET_NAME)";
				SWIFT_VERSION = 5.0;
				TARGETED_DEVICE_FAMILY = "1,2";
			};
			name = Debug;
		};
		9FCE2942252B56A900AC00C3 /* Release */ = {
			isa = XCBuildConfiguration;
			buildSettings = {
				ASSETCATALOG_COMPILER_APPICON_NAME = AppIcon;
				ASSETCATALOG_COMPILER_GLOBAL_ACCENT_COLOR_NAME = AccentColor;
				CODE_SIGN_STYLE = Automatic;
				DEVELOPMENT_TEAM = 4L2695C228;
				INFOPLIST_FILE = "real-time-chat/Info.plist";
				LD_RUNPATH_SEARCH_PATHS = (
					"$(inherited)",
					"@executable_path/Frameworks",
				);
				PRODUCT_BUNDLE_IDENTIFIER = "Sunggweon-Hyeong.real-time-chat";
				PRODUCT_NAME = "$(TARGET_NAME)";
				SWIFT_VERSION = 5.0;
				TARGETED_DEVICE_FAMILY = "1,2";
			};
			name = Release;
		};
/* End XCBuildConfiguration section */

/* Begin XCConfigurationList section */
		9FCE2927252B56A800AC00C3 /* Build configuration list for PBXProject "real-time-chat" */ = {
			isa = XCConfigurationList;
			buildConfigurations = (
				9FCE293E252B56A900AC00C3 /* Debug */,
				9FCE293F252B56A900AC00C3 /* Release */,
			);
			defaultConfigurationIsVisible = 0;
			defaultConfigurationName = Release;
		};
		9FCE2940252B56A900AC00C3 /* Build configuration list for PBXNativeTarget "real-time-chat" */ = {
			isa = XCConfigurationList;
			buildConfigurations = (
				9FCE2941252B56A900AC00C3 /* Debug */,
				9FCE2942252B56A900AC00C3 /* Release */,
			);
			defaultConfigurationIsVisible = 0;
			defaultConfigurationName = Release;
		};
/* End XCConfigurationList section */
	};
	rootObject = 9FCE2924252B56A800AC00C3 /* Project object */;
}
